// !$*UTF8*$!
{
	archiveVersion = 1;
	classes = {
	};
	objectVersion = 60;
	objects = {

/* Begin PBXBuildFile section */
		2FF25CC52CAB316800B5B98D /* GabberExampleApp.swift in Sources */ = {isa = PBXBuildFile; fileRef = 2FF25CC42CAB316800B5B98D /* GabberExampleApp.swift */; };
		2FF25CC72CAB316800B5B98D /* ContentView.swift in Sources */ = {isa = PBXBuildFile; fileRef = 2FF25CC62CAB316800B5B98D /* ContentView.swift */; };
		2FF25CC92CAB316A00B5B98D /* Assets.xcassets in Resources */ = {isa = PBXBuildFile; fileRef = 2FF25CC82CAB316A00B5B98D /* Assets.xcassets */; };
		2FF25CCC2CAB316A00B5B98D /* Preview Assets.xcassets in Resources */ = {isa = PBXBuildFile; fileRef = 2FF25CCB2CAB316A00B5B98D /* Preview Assets.xcassets */; };
		2FF25CD62CAB316A00B5B98D /* GabberExampleTests.swift in Sources */ = {isa = PBXBuildFile; fileRef = 2FF25CD52CAB316A00B5B98D /* GabberExampleTests.swift */; };
		2FF25CE02CAB316A00B5B98D /* GabberExampleUITests.swift in Sources */ = {isa = PBXBuildFile; fileRef = 2FF25CDF2CAB316A00B5B98D /* GabberExampleUITests.swift */; };
		2FF25CE22CAB316A00B5B98D /* GabberExampleUITestsLaunchTests.swift in Sources */ = {isa = PBXBuildFile; fileRef = 2FF25CE12CAB316A00B5B98D /* GabberExampleUITestsLaunchTests.swift */; };
		2FF25CEF2CAB3B7100B5B98D /* GabberViewModel.swift in Sources */ = {isa = PBXBuildFile; fileRef = 2FF25CEE2CAB3B7100B5B98D /* GabberViewModel.swift */; };
		E079E2242CC5B2C5001B9DC5 /* Gabber in Frameworks */ = {isa = PBXBuildFile; productRef = E079E2232CC5B2C5001B9DC5 /* Gabber */; };
		E079E2262CC5B2EA001B9DC5 /* Gabber in Frameworks */ = {isa = PBXBuildFile; productRef = E079E2252CC5B2EA001B9DC5 /* Gabber */; };
/* End PBXBuildFile section */

/* Begin PBXContainerItemProxy section */
		2FF25CD22CAB316A00B5B98D /* PBXContainerItemProxy */ = {
			isa = PBXContainerItemProxy;
			containerPortal = 2FF25CB92CAB316800B5B98D /* Project object */;
			proxyType = 1;
			remoteGlobalIDString = 2FF25CC02CAB316800B5B98D;
			remoteInfo = GabberExample;
		};
		2FF25CDC2CAB316A00B5B98D /* PBXContainerItemProxy */ = {
			isa = PBXContainerItemProxy;
			containerPortal = 2FF25CB92CAB316800B5B98D /* Project object */;
			proxyType = 1;
			remoteGlobalIDString = 2FF25CC02CAB316800B5B98D;
			remoteInfo = GabberExample;
		};
/* End PBXContainerItemProxy section */

/* Begin PBXFileReference section */
		2FDA7DE82CAC83D6006CAC77 /* Info.plist */ = {isa = PBXFileReference; lastKnownFileType = text.plist; path = Info.plist; sourceTree = "<group>"; };
		2FF25CC12CAB316800B5B98D /* GabberExample.app */ = {isa = PBXFileReference; explicitFileType = wrapper.application; includeInIndex = 0; path = GabberExample.app; sourceTree = BUILT_PRODUCTS_DIR; };
		2FF25CC42CAB316800B5B98D /* GabberExampleApp.swift */ = {isa = PBXFileReference; lastKnownFileType = sourcecode.swift; path = GabberExampleApp.swift; sourceTree = "<group>"; };
		2FF25CC62CAB316800B5B98D /* ContentView.swift */ = {isa = PBXFileReference; lastKnownFileType = sourcecode.swift; path = ContentView.swift; sourceTree = "<group>"; };
		2FF25CC82CAB316A00B5B98D /* Assets.xcassets */ = {isa = PBXFileReference; lastKnownFileType = folder.assetcatalog; path = Assets.xcassets; sourceTree = "<group>"; };
		2FF25CCB2CAB316A00B5B98D /* Preview Assets.xcassets */ = {isa = PBXFileReference; lastKnownFileType = folder.assetcatalog; path = "Preview Assets.xcassets"; sourceTree = "<group>"; };
		2FF25CD12CAB316A00B5B98D /* GabberExampleTests.xctest */ = {isa = PBXFileReference; explicitFileType = wrapper.cfbundle; includeInIndex = 0; path = GabberExampleTests.xctest; sourceTree = BUILT_PRODUCTS_DIR; };
		2FF25CD52CAB316A00B5B98D /* GabberExampleTests.swift */ = {isa = PBXFileReference; lastKnownFileType = sourcecode.swift; path = GabberExampleTests.swift; sourceTree = "<group>"; };
		2FF25CDB2CAB316A00B5B98D /* GabberExampleUITests.xctest */ = {isa = PBXFileReference; explicitFileType = wrapper.cfbundle; includeInIndex = 0; path = GabberExampleUITests.xctest; sourceTree = BUILT_PRODUCTS_DIR; };
		2FF25CDF2CAB316A00B5B98D /* GabberExampleUITests.swift */ = {isa = PBXFileReference; lastKnownFileType = sourcecode.swift; path = GabberExampleUITests.swift; sourceTree = "<group>"; };
		2FF25CE12CAB316A00B5B98D /* GabberExampleUITestsLaunchTests.swift */ = {isa = PBXFileReference; lastKnownFileType = sourcecode.swift; path = GabberExampleUITestsLaunchTests.swift; sourceTree = "<group>"; };
		2FF25CEE2CAB3B7100B5B98D /* GabberViewModel.swift */ = {isa = PBXFileReference; lastKnownFileType = sourcecode.swift; path = GabberViewModel.swift; sourceTree = "<group>"; };
/* End PBXFileReference section */

/* Begin PBXFrameworksBuildPhase section */
		2FF25CBE2CAB316800B5B98D /* Frameworks */ = {
			isa = PBXFrameworksBuildPhase;
			buildActionMask = 2147483647;
			files = (
				E079E2242CC5B2C5001B9DC5 /* Gabber in Frameworks */,
				E079E2262CC5B2EA001B9DC5 /* Gabber in Frameworks */,
			);
			runOnlyForDeploymentPostprocessing = 0;
		};
		2FF25CCE2CAB316A00B5B98D /* Frameworks */ = {
			isa = PBXFrameworksBuildPhase;
			buildActionMask = 2147483647;
			files = (
			);
			runOnlyForDeploymentPostprocessing = 0;
		};
		2FF25CD82CAB316A00B5B98D /* Frameworks */ = {
			isa = PBXFrameworksBuildPhase;
			buildActionMask = 2147483647;
			files = (
			);
			runOnlyForDeploymentPostprocessing = 0;
		};
/* End PBXFrameworksBuildPhase section */

/* Begin PBXGroup section */
		2FF25CB82CAB316800B5B98D = {
			isa = PBXGroup;
			children = (
				2FF25CC32CAB316800B5B98D /* GabberExample */,
				2FF25CD42CAB316A00B5B98D /* GabberExampleTests */,
				2FF25CDE2CAB316A00B5B98D /* GabberExampleUITests */,
				2FF25CC22CAB316800B5B98D /* Products */,
				2FF25CF12CAB3F7800B5B98D /* Frameworks */,
			);
			sourceTree = "<group>";
		};
		2FF25CC22CAB316800B5B98D /* Products */ = {
			isa = PBXGroup;
			children = (
				2FF25CC12CAB316800B5B98D /* GabberExample.app */,
				2FF25CD12CAB316A00B5B98D /* GabberExampleTests.xctest */,
				2FF25CDB2CAB316A00B5B98D /* GabberExampleUITests.xctest */,
			);
			name = Products;
			sourceTree = "<group>";
		};
		2FF25CC32CAB316800B5B98D /* GabberExample */ = {
			isa = PBXGroup;
			children = (
				2FDA7DE82CAC83D6006CAC77 /* Info.plist */,
				2FF25CC42CAB316800B5B98D /* GabberExampleApp.swift */,
				2FF25CC62CAB316800B5B98D /* ContentView.swift */,
				2FF25CEE2CAB3B7100B5B98D /* GabberViewModel.swift */,
				2FF25CC82CAB316A00B5B98D /* Assets.xcassets */,
				2FF25CCA2CAB316A00B5B98D /* Preview Content */,
			);
			path = GabberExample;
			sourceTree = "<group>";
		};
		2FF25CCA2CAB316A00B5B98D /* Preview Content */ = {
			isa = PBXGroup;
			children = (
				2FF25CCB2CAB316A00B5B98D /* Preview Assets.xcassets */,
			);
			path = "Preview Content";
			sourceTree = "<group>";
		};
		2FF25CD42CAB316A00B5B98D /* GabberExampleTests */ = {
			isa = PBXGroup;
			children = (
				2FF25CD52CAB316A00B5B98D /* GabberExampleTests.swift */,
			);
			path = GabberExampleTests;
			sourceTree = "<group>";
		};
		2FF25CDE2CAB316A00B5B98D /* GabberExampleUITests */ = {
			isa = PBXGroup;
			children = (
				2FF25CDF2CAB316A00B5B98D /* GabberExampleUITests.swift */,
				2FF25CE12CAB316A00B5B98D /* GabberExampleUITestsLaunchTests.swift */,
			);
			path = GabberExampleUITests;
			sourceTree = "<group>";
		};
		2FF25CF12CAB3F7800B5B98D /* Frameworks */ = {
			isa = PBXGroup;
			children = (
			);
			name = Frameworks;
			sourceTree = "<group>";
		};
/* End PBXGroup section */

/* Begin PBXNativeTarget section */
		2FF25CC02CAB316800B5B98D /* GabberExample */ = {
			isa = PBXNativeTarget;
			buildConfigurationList = 2FF25CE52CAB316A00B5B98D /* Build configuration list for PBXNativeTarget "GabberExample" */;
			buildPhases = (
				2FF25CBD2CAB316800B5B98D /* Sources */,
				2FF25CBE2CAB316800B5B98D /* Frameworks */,
				2FF25CBF2CAB316800B5B98D /* Resources */,
			);
			buildRules = (
			);
			dependencies = (
			);
			name = GabberExample;
			packageProductDependencies = (
				E079E2232CC5B2C5001B9DC5 /* Gabber */,
				E079E2252CC5B2EA001B9DC5 /* Gabber */,
			);
			productName = GabberExample;
			productReference = 2FF25CC12CAB316800B5B98D /* GabberExample.app */;
			productType = "com.apple.product-type.application";
		};
		2FF25CD02CAB316A00B5B98D /* GabberExampleTests */ = {
			isa = PBXNativeTarget;
			buildConfigurationList = 2FF25CE82CAB316A00B5B98D /* Build configuration list for PBXNativeTarget "GabberExampleTests" */;
			buildPhases = (
				2FF25CCD2CAB316A00B5B98D /* Sources */,
				2FF25CCE2CAB316A00B5B98D /* Frameworks */,
				2FF25CCF2CAB316A00B5B98D /* Resources */,
			);
			buildRules = (
			);
			dependencies = (
				2FF25CD32CAB316A00B5B98D /* PBXTargetDependency */,
			);
			name = GabberExampleTests;
			productName = GabberExampleTests;
			productReference = 2FF25CD12CAB316A00B5B98D /* GabberExampleTests.xctest */;
			productType = "com.apple.product-type.bundle.unit-test";
		};
		2FF25CDA2CAB316A00B5B98D /* GabberExampleUITests */ = {
			isa = PBXNativeTarget;
			buildConfigurationList = 2FF25CEB2CAB316A00B5B98D /* Build configuration list for PBXNativeTarget "GabberExampleUITests" */;
			buildPhases = (
				2FF25CD72CAB316A00B5B98D /* Sources */,
				2FF25CD82CAB316A00B5B98D /* Frameworks */,
				2FF25CD92CAB316A00B5B98D /* Resources */,
			);
			buildRules = (
			);
			dependencies = (
				2FF25CDD2CAB316A00B5B98D /* PBXTargetDependency */,
			);
			name = GabberExampleUITests;
			productName = GabberExampleUITests;
			productReference = 2FF25CDB2CAB316A00B5B98D /* GabberExampleUITests.xctest */;
			productType = "com.apple.product-type.bundle.ui-testing";
		};
/* End PBXNativeTarget section */

/* Begin PBXProject section */
		2FF25CB92CAB316800B5B98D /* Project object */ = {
			isa = PBXProject;
			attributes = {
				BuildIndependentTargetsInParallel = 1;
				LastSwiftUpdateCheck = 1540;
				LastUpgradeCheck = 1540;
				TargetAttributes = {
					2FF25CC02CAB316800B5B98D = {
						CreatedOnToolsVersion = 15.4;
					};
					2FF25CD02CAB316A00B5B98D = {
						CreatedOnToolsVersion = 15.4;
						TestTargetID = 2FF25CC02CAB316800B5B98D;
					};
					2FF25CDA2CAB316A00B5B98D = {
						CreatedOnToolsVersion = 15.4;
						TestTargetID = 2FF25CC02CAB316800B5B98D;
					};
				};
			};
			buildConfigurationList = 2FF25CBC2CAB316800B5B98D /* Build configuration list for PBXProject "GabberExample" */;
			compatibilityVersion = "Xcode 14.0";
			developmentRegion = en;
			hasScannedForEncodings = 0;
			knownRegions = (
				en,
				Base,
			);
			mainGroup = 2FF25CB82CAB316800B5B98D;
			packageReferences = (
				E079E2222CC5AFD1001B9DC5 /* XCLocalSwiftPackageReference "../Gabber" */,
			);
			productRefGroup = 2FF25CC22CAB316800B5B98D /* Products */;
			projectDirPath = "";
			projectRoot = "";
			targets = (
				2FF25CC02CAB316800B5B98D /* GabberExample */,
				2FF25CD02CAB316A00B5B98D /* GabberExampleTests */,
				2FF25CDA2CAB316A00B5B98D /* GabberExampleUITests */,
			);
		};
/* End PBXProject section */

/* Begin PBXResourcesBuildPhase section */
		2FF25CBF2CAB316800B5B98D /* Resources */ = {
			isa = PBXResourcesBuildPhase;
			buildActionMask = 2147483647;
			files = (
				2FF25CCC2CAB316A00B5B98D /* Preview Assets.xcassets in Resources */,
				2FF25CC92CAB316A00B5B98D /* Assets.xcassets in Resources */,
			);
			runOnlyForDeploymentPostprocessing = 0;
		};
		2FF25CCF2CAB316A00B5B98D /* Resources */ = {
			isa = PBXResourcesBuildPhase;
			buildActionMask = 2147483647;
			files = (
			);
			runOnlyForDeploymentPostprocessing = 0;
		};
		2FF25CD92CAB316A00B5B98D /* Resources */ = {
			isa = PBXResourcesBuildPhase;
			buildActionMask = 2147483647;
			files = (
			);
			runOnlyForDeploymentPostprocessing = 0;
		};
/* End PBXResourcesBuildPhase section */

/* Begin PBXSourcesBuildPhase section */
		2FF25CBD2CAB316800B5B98D /* Sources */ = {
			isa = PBXSourcesBuildPhase;
			buildActionMask = 2147483647;
			files = (
				2FF25CC72CAB316800B5B98D /* ContentView.swift in Sources */,
				2FF25CC52CAB316800B5B98D /* GabberExampleApp.swift in Sources */,
				2FF25CEF2CAB3B7100B5B98D /* GabberViewModel.swift in Sources */,
			);
			runOnlyForDeploymentPostprocessing = 0;
		};
		2FF25CCD2CAB316A00B5B98D /* Sources */ = {
			isa = PBXSourcesBuildPhase;
			buildActionMask = 2147483647;
			files = (
				2FF25CD62CAB316A00B5B98D /* GabberExampleTests.swift in Sources */,
			);
			runOnlyForDeploymentPostprocessing = 0;
		};
		2FF25CD72CAB316A00B5B98D /* Sources */ = {
			isa = PBXSourcesBuildPhase;
			buildActionMask = 2147483647;
			files = (
				2FF25CE22CAB316A00B5B98D /* GabberExampleUITestsLaunchTests.swift in Sources */,
				2FF25CE02CAB316A00B5B98D /* GabberExampleUITests.swift in Sources */,
			);
			runOnlyForDeploymentPostprocessing = 0;
		};
/* End PBXSourcesBuildPhase section */

/* Begin PBXTargetDependency section */
		2FF25CD32CAB316A00B5B98D /* PBXTargetDependency */ = {
			isa = PBXTargetDependency;
			target = 2FF25CC02CAB316800B5B98D /* GabberExample */;
			targetProxy = 2FF25CD22CAB316A00B5B98D /* PBXContainerItemProxy */;
		};
		2FF25CDD2CAB316A00B5B98D /* PBXTargetDependency */ = {
			isa = PBXTargetDependency;
			target = 2FF25CC02CAB316800B5B98D /* GabberExample */;
			targetProxy = 2FF25CDC2CAB316A00B5B98D /* PBXContainerItemProxy */;
		};
/* End PBXTargetDependency section */

/* Begin XCBuildConfiguration section */
		2FF25CE32CAB316A00B5B98D /* Debug */ = {
			isa = XCBuildConfiguration;
			buildSettings = {
				ALWAYS_SEARCH_USER_PATHS = NO;
				ASSETCATALOG_COMPILER_GENERATE_SWIFT_ASSET_SYMBOL_EXTENSIONS = YES;
				CLANG_ANALYZER_NONNULL = YES;
				CLANG_ANALYZER_NUMBER_OBJECT_CONVERSION = YES_AGGRESSIVE;
				CLANG_CXX_LANGUAGE_STANDARD = "gnu++20";
				CLANG_ENABLE_MODULES = YES;
				CLANG_ENABLE_OBJC_ARC = YES;
				CLANG_ENABLE_OBJC_WEAK = YES;
				CLANG_WARN_BLOCK_CAPTURE_AUTORELEASING = YES;
				CLANG_WARN_BOOL_CONVERSION = YES;
				CLANG_WARN_COMMA = YES;
				CLANG_WARN_CONSTANT_CONVERSION = YES;
				CLANG_WARN_DEPRECATED_OBJC_IMPLEMENTATIONS = YES;
				CLANG_WARN_DIRECT_OBJC_ISA_USAGE = YES_ERROR;
				CLANG_WARN_DOCUMENTATION_COMMENTS = YES;
				CLANG_WARN_EMPTY_BODY = YES;
				CLANG_WARN_ENUM_CONVERSION = YES;
				CLANG_WARN_INFINITE_RECURSION = YES;
				CLANG_WARN_INT_CONVERSION = YES;
				CLANG_WARN_NON_LITERAL_NULL_CONVERSION = YES;
				CLANG_WARN_OBJC_IMPLICIT_RETAIN_SELF = YES;
				CLANG_WARN_OBJC_LITERAL_CONVERSION = YES;
				CLANG_WARN_OBJC_ROOT_CLASS = YES_ERROR;
				CLANG_WARN_QUOTED_INCLUDE_IN_FRAMEWORK_HEADER = YES;
				CLANG_WARN_RANGE_LOOP_ANALYSIS = YES;
				CLANG_WARN_STRICT_PROTOTYPES = YES;
				CLANG_WARN_SUSPICIOUS_MOVE = YES;
				CLANG_WARN_UNGUARDED_AVAILABILITY = YES_AGGRESSIVE;
				CLANG_WARN_UNREACHABLE_CODE = YES;
				CLANG_WARN__DUPLICATE_METHOD_MATCH = YES;
				COPY_PHASE_STRIP = NO;
				DEBUG_INFORMATION_FORMAT = dwarf;
				ENABLE_STRICT_OBJC_MSGSEND = YES;
				ENABLE_TESTABILITY = YES;
				ENABLE_USER_SCRIPT_SANDBOXING = YES;
				GCC_C_LANGUAGE_STANDARD = gnu17;
				GCC_DYNAMIC_NO_PIC = NO;
				GCC_NO_COMMON_BLOCKS = YES;
				GCC_OPTIMIZATION_LEVEL = 0;
				GCC_PREPROCESSOR_DEFINITIONS = (
					"DEBUG=1",
					"$(inherited)",
				);
				GCC_WARN_64_TO_32_BIT_CONVERSION = YES;
				GCC_WARN_ABOUT_RETURN_TYPE = YES_ERROR;
				GCC_WARN_UNDECLARED_SELECTOR = YES;
				GCC_WARN_UNINITIALIZED_AUTOS = YES_AGGRESSIVE;
				GCC_WARN_UNUSED_FUNCTION = YES;
				GCC_WARN_UNUSED_VARIABLE = YES;
				IPHONEOS_DEPLOYMENT_TARGET = 17.5;
				LOCALIZATION_PREFERS_STRING_CATALOGS = YES;
				MTL_ENABLE_DEBUG_INFO = INCLUDE_SOURCE;
				MTL_FAST_MATH = YES;
				ONLY_ACTIVE_ARCH = YES;
				SDKROOT = iphoneos;
				SWIFT_ACTIVE_COMPILATION_CONDITIONS = "DEBUG $(inherited)";
				SWIFT_OPTIMIZATION_LEVEL = "-Onone";
			};
			name = Debug;
		};
		2FF25CE42CAB316A00B5B98D /* Release */ = {
			isa = XCBuildConfiguration;
			buildSettings = {
				ALWAYS_SEARCH_USER_PATHS = NO;
				ASSETCATALOG_COMPILER_GENERATE_SWIFT_ASSET_SYMBOL_EXTENSIONS = YES;
				CLANG_ANALYZER_NONNULL = YES;
				CLANG_ANALYZER_NUMBER_OBJECT_CONVERSION = YES_AGGRESSIVE;
				CLANG_CXX_LANGUAGE_STANDARD = "gnu++20";
				CLANG_ENABLE_MODULES = YES;
				CLANG_ENABLE_OBJC_ARC = YES;
				CLANG_ENABLE_OBJC_WEAK = YES;
				CLANG_WARN_BLOCK_CAPTURE_AUTORELEASING = YES;
				CLANG_WARN_BOOL_CONVERSION = YES;
				CLANG_WARN_COMMA = YES;
				CLANG_WARN_CONSTANT_CONVERSION = YES;
				CLANG_WARN_DEPRECATED_OBJC_IMPLEMENTATIONS = YES;
				CLANG_WARN_DIRECT_OBJC_ISA_USAGE = YES_ERROR;
				CLANG_WARN_DOCUMENTATION_COMMENTS = YES;
				CLANG_WARN_EMPTY_BODY = YES;
				CLANG_WARN_ENUM_CONVERSION = YES;
				CLANG_WARN_INFINITE_RECURSION = YES;
				CLANG_WARN_INT_CONVERSION = YES;
				CLANG_WARN_NON_LITERAL_NULL_CONVERSION = YES;
				CLANG_WARN_OBJC_IMPLICIT_RETAIN_SELF = YES;
				CLANG_WARN_OBJC_LITERAL_CONVERSION = YES;
				CLANG_WARN_OBJC_ROOT_CLASS = YES_ERROR;
				CLANG_WARN_QUOTED_INCLUDE_IN_FRAMEWORK_HEADER = YES;
				CLANG_WARN_RANGE_LOOP_ANALYSIS = YES;
				CLANG_WARN_STRICT_PROTOTYPES = YES;
				CLANG_WARN_SUSPICIOUS_MOVE = YES;
				CLANG_WARN_UNGUARDED_AVAILABILITY = YES_AGGRESSIVE;
				CLANG_WARN_UNREACHABLE_CODE = YES;
				CLANG_WARN__DUPLICATE_METHOD_MATCH = YES;
				COPY_PHASE_STRIP = NO;
				DEBUG_INFORMATION_FORMAT = "dwarf-with-dsym";
				ENABLE_NS_ASSERTIONS = NO;
				ENABLE_STRICT_OBJC_MSGSEND = YES;
				ENABLE_USER_SCRIPT_SANDBOXING = YES;
				GCC_C_LANGUAGE_STANDARD = gnu17;
				GCC_NO_COMMON_BLOCKS = YES;
				GCC_WARN_64_TO_32_BIT_CONVERSION = YES;
				GCC_WARN_ABOUT_RETURN_TYPE = YES_ERROR;
				GCC_WARN_UNDECLARED_SELECTOR = YES;
				GCC_WARN_UNINITIALIZED_AUTOS = YES_AGGRESSIVE;
				GCC_WARN_UNUSED_FUNCTION = YES;
				GCC_WARN_UNUSED_VARIABLE = YES;
				IPHONEOS_DEPLOYMENT_TARGET = 17.5;
				LOCALIZATION_PREFERS_STRING_CATALOGS = YES;
				MTL_ENABLE_DEBUG_INFO = NO;
				MTL_FAST_MATH = YES;
				SDKROOT = iphoneos;
				SWIFT_COMPILATION_MODE = wholemodule;
				VALIDATE_PRODUCT = YES;
			};
			name = Release;
		};
		2FF25CE62CAB316A00B5B98D /* Debug */ = {
			isa = XCBuildConfiguration;
			buildSettings = {
				ASSETCATALOG_COMPILER_APPICON_NAME = AppIcon;
				ASSETCATALOG_COMPILER_GLOBAL_ACCENT_COLOR_NAME = AccentColor;
				CODE_SIGN_STYLE = Automatic;
				CURRENT_PROJECT_VERSION = 1;
				DEVELOPMENT_ASSET_PATHS = "\"GabberExample/Preview Content\"";
				ENABLE_PREVIEWS = YES;
				GENERATE_INFOPLIST_FILE = YES;
				INFOPLIST_FILE = GabberExample/Info.plist;
				INFOPLIST_KEY_NSMicrophoneUsageDescription = "We need access to the microphone for voice interactions.";
				INFOPLIST_KEY_UIApplicationSceneManifest_Generation = YES;
				INFOPLIST_KEY_UIApplicationSupportsIndirectInputEvents = YES;
				INFOPLIST_KEY_UILaunchScreen_Generation = YES;
				INFOPLIST_KEY_UISupportedInterfaceOrientations_iPad = "UIInterfaceOrientationPortrait UIInterfaceOrientationPortraitUpsideDown UIInterfaceOrientationLandscapeLeft UIInterfaceOrientationLandscapeRight";
				INFOPLIST_KEY_UISupportedInterfaceOrientations_iPhone = "UIInterfaceOrientationPortrait UIInterfaceOrientationLandscapeLeft UIInterfaceOrientationLandscapeRight";
				LD_RUNPATH_SEARCH_PATHS = (
					"$(inherited)",
					"@executable_path/Frameworks",
				);
				MARKETING_VERSION = 1.0;
				PRODUCT_BUNDLE_IDENTIFIER = gabber.GabberExample;
				PRODUCT_NAME = "$(TARGET_NAME)";
				SWIFT_EMIT_LOC_STRINGS = YES;
				SWIFT_VERSION = 5.0;
				TARGETED_DEVICE_FAMILY = "1,2";
			};
			name = Debug;
		};
		2FF25CE72CAB316A00B5B98D /* Release */ = {
			isa = XCBuildConfiguration;
			buildSettings = {
				ASSETCATALOG_COMPILER_APPICON_NAME = AppIcon;
				ASSETCATALOG_COMPILER_GLOBAL_ACCENT_COLOR_NAME = AccentColor;
				CODE_SIGN_STYLE = Automatic;
				CURRENT_PROJECT_VERSION = 1;
				DEVELOPMENT_ASSET_PATHS = "\"GabberExample/Preview Content\"";
				ENABLE_PREVIEWS = YES;
				GENERATE_INFOPLIST_FILE = YES;
				INFOPLIST_FILE = GabberExample/Info.plist;
				INFOPLIST_KEY_NSMicrophoneUsageDescription = "We need access to the microphone for voice interactions.";
				INFOPLIST_KEY_UIApplicationSceneManifest_Generation = YES;
				INFOPLIST_KEY_UIApplicationSupportsIndirectInputEvents = YES;
				INFOPLIST_KEY_UILaunchScreen_Generation = YES;
				INFOPLIST_KEY_UISupportedInterfaceOrientations_iPad = "UIInterfaceOrientationPortrait UIInterfaceOrientationPortraitUpsideDown UIInterfaceOrientationLandscapeLeft UIInterfaceOrientationLandscapeRight";
				INFOPLIST_KEY_UISupportedInterfaceOrientations_iPhone = "UIInterfaceOrientationPortrait UIInterfaceOrientationLandscapeLeft UIInterfaceOrientationLandscapeRight";
				LD_RUNPATH_SEARCH_PATHS = (
					"$(inherited)",
					"@executable_path/Frameworks",
				);
				MARKETING_VERSION = 1.0;
				PRODUCT_BUNDLE_IDENTIFIER = gabber.GabberExample;
				PRODUCT_NAME = "$(TARGET_NAME)";
				SWIFT_EMIT_LOC_STRINGS = YES;
				SWIFT_VERSION = 5.0;
				TARGETED_DEVICE_FAMILY = "1,2";
			};
			name = Release;
		};
		2FF25CE92CAB316A00B5B98D /* Debug */ = {
			isa = XCBuildConfiguration;
			buildSettings = {
				ALWAYS_EMBED_SWIFT_STANDARD_LIBRARIES = YES;
				BUNDLE_LOADER = "$(TEST_HOST)";
				CODE_SIGN_STYLE = Automatic;
				CURRENT_PROJECT_VERSION = 1;
				GENERATE_INFOPLIST_FILE = YES;
				IPHONEOS_DEPLOYMENT_TARGET = 17.5;
				MARKETING_VERSION = 1.0;
				PRODUCT_BUNDLE_IDENTIFIER = gabber.GabberExampleTests;
				PRODUCT_NAME = "$(TARGET_NAME)";
				SWIFT_EMIT_LOC_STRINGS = NO;
				SWIFT_VERSION = 5.0;
				TARGETED_DEVICE_FAMILY = "1,2";
				TEST_HOST = "$(BUILT_PRODUCTS_DIR)/GabberExample.app/$(BUNDLE_EXECUTABLE_FOLDER_PATH)/GabberExample";
			};
			name = Debug;
		};
		2FF25CEA2CAB316A00B5B98D /* Release */ = {
			isa = XCBuildConfiguration;
			buildSettings = {
				ALWAYS_EMBED_SWIFT_STANDARD_LIBRARIES = YES;
				BUNDLE_LOADER = "$(TEST_HOST)";
				CODE_SIGN_STYLE = Automatic;
				CURRENT_PROJECT_VERSION = 1;
				GENERATE_INFOPLIST_FILE = YES;
				IPHONEOS_DEPLOYMENT_TARGET = 17.5;
				MARKETING_VERSION = 1.0;
				PRODUCT_BUNDLE_IDENTIFIER = gabber.GabberExampleTests;
				PRODUCT_NAME = "$(TARGET_NAME)";
				SWIFT_EMIT_LOC_STRINGS = NO;
				SWIFT_VERSION = 5.0;
				TARGETED_DEVICE_FAMILY = "1,2";
				TEST_HOST = "$(BUILT_PRODUCTS_DIR)/GabberExample.app/$(BUNDLE_EXECUTABLE_FOLDER_PATH)/GabberExample";
			};
			name = Release;
		};
		2FF25CEC2CAB316A00B5B98D /* Debug */ = {
			isa = XCBuildConfiguration;
			buildSettings = {
				ALWAYS_EMBED_SWIFT_STANDARD_LIBRARIES = YES;
				CODE_SIGN_STYLE = Automatic;
				CURRENT_PROJECT_VERSION = 1;
				GENERATE_INFOPLIST_FILE = YES;
				MARKETING_VERSION = 1.0;
				PRODUCT_BUNDLE_IDENTIFIER = gabber.GabberExampleUITests;
				PRODUCT_NAME = "$(TARGET_NAME)";
				SWIFT_EMIT_LOC_STRINGS = NO;
				SWIFT_VERSION = 5.0;
				TARGETED_DEVICE_FAMILY = "1,2";
				TEST_TARGET_NAME = GabberExample;
			};
			name = Debug;
		};
		2FF25CED2CAB316A00B5B98D /* Release */ = {
			isa = XCBuildConfiguration;
			buildSettings = {
				ALWAYS_EMBED_SWIFT_STANDARD_LIBRARIES = YES;
				CODE_SIGN_STYLE = Automatic;
				CURRENT_PROJECT_VERSION = 1;
				GENERATE_INFOPLIST_FILE = YES;
				MARKETING_VERSION = 1.0;
				PRODUCT_BUNDLE_IDENTIFIER = gabber.GabberExampleUITests;
				PRODUCT_NAME = "$(TARGET_NAME)";
				SWIFT_EMIT_LOC_STRINGS = NO;
				SWIFT_VERSION = 5.0;
				TARGETED_DEVICE_FAMILY = "1,2";
				TEST_TARGET_NAME = GabberExample;
			};
			name = Release;
		};
/* End XCBuildConfiguration section */

/* Begin XCConfigurationList section */
		2FF25CBC2CAB316800B5B98D /* Build configuration list for PBXProject "GabberExample" */ = {
			isa = XCConfigurationList;
			buildConfigurations = (
				2FF25CE32CAB316A00B5B98D /* Debug */,
				2FF25CE42CAB316A00B5B98D /* Release */,
			);
			defaultConfigurationIsVisible = 0;
			defaultConfigurationName = Release;
		};
		2FF25CE52CAB316A00B5B98D /* Build configuration list for PBXNativeTarget "GabberExample" */ = {
			isa = XCConfigurationList;
			buildConfigurations = (
				2FF25CE62CAB316A00B5B98D /* Debug */,
				2FF25CE72CAB316A00B5B98D /* Release */,
			);
			defaultConfigurationIsVisible = 0;
			defaultConfigurationName = Release;
		};
		2FF25CE82CAB316A00B5B98D /* Build configuration list for PBXNativeTarget "GabberExampleTests" */ = {
			isa = XCConfigurationList;
			buildConfigurations = (
				2FF25CE92CAB316A00B5B98D /* Debug */,
				2FF25CEA2CAB316A00B5B98D /* Release */,
			);
			defaultConfigurationIsVisible = 0;
			defaultConfigurationName = Release;
		};
		2FF25CEB2CAB316A00B5B98D /* Build configuration list for PBXNativeTarget "GabberExampleUITests" */ = {
			isa = XCConfigurationList;
			buildConfigurations = (
				2FF25CEC2CAB316A00B5B98D /* Debug */,
				2FF25CED2CAB316A00B5B98D /* Release */,
			);
			defaultConfigurationIsVisible = 0;
			defaultConfigurationName = Release;
		};
/* End XCConfigurationList section */

/* Begin XCLocalSwiftPackageReference section */
		E079E2222CC5AFD1001B9DC5 /* XCLocalSwiftPackageReference "../Gabber" */ = {
			isa = XCLocalSwiftPackageReference;
			relativePath = ../Gabber;
		};
/* End XCLocalSwiftPackageReference section */

/* Begin XCSwiftPackageProductDependency section */
		E079E2232CC5B2C5001B9DC5 /* Gabber */ = {
			isa = XCSwiftPackageProductDependency;
			productName = Gabber;
		};
		E079E2252CC5B2EA001B9DC5 /* Gabber */ = {
			isa = XCSwiftPackageProductDependency;
			productName = Gabber;
		};
/* End XCSwiftPackageProductDependency section */
	};
	rootObject = 2FF25CB92CAB316800B5B98D /* Project object */;
}
